
Microsoft Visual Studio Solution File, Format Version 12.00
# Visual Studio Version 17
VisualStudioVersion = 17.3.32922.545
MinimumVisualStudioVersion = 10.0.40219.1
Project("{FAE04EC0-301F-11D3-BF4B-00C04F79EFBC}") = "MiniaudioTest", "MiniaudioTest\MiniaudioTest.csproj", "{67F603CF-9188-4CDC-9E4D-9788DD1B27CA}"
EndProject
Global
	GlobalSection(SolutionConfigurationPlatforms) = preSolution
		Debug|Any CPU = Debug|Any CPU
		Release|Any CPU = Release|Any CPU
	EndGlobalSection
	GlobalSection(ProjectConfigurationPlatforms) = postSolution
		{67F603CF-9188-4CDC-9E4D-9788DD1B27CA}.Debug|Any CPU.ActiveCfg = Debug|Any CPU
		{67F603CF-9188-4CDC-9E4D-9788DD1B27CA}.Debug|Any CPU.Build.0 = Debug|Any CPU
		{67F603CF-9188-4CDC-9E4D-9788DD1B27CA}.Release|Any CPU.ActiveCfg = Release|Any CPU
		{67F603CF-9188-4CDC-9E4D-9788DD1B27CA}.Release|Any CPU.Build.0 = Release|Any CPU
	EndGlobalSection
	GlobalSection(SolutionProperties) = preSolution
		HideSolutionNode = FALSE
	EndGlobalSection
	GlobalSection(ExtensibilityGlobals) = postSolution
		SolutionGuid = {A4E22362-28FF-4BC5-B905-37A0512A3CF1}
	EndGlobalSection
EndGlobal
